
Microsoft Visual Studio Solution File, Format Version 12.00
# Visual Studio 2013
VisualStudioVersion = 12.0.31101.0
MinimumVisualStudioVersion = 10.0.40219.1
Project("{FAE04EC0-301F-11D3-BF4B-00C04F79EFBC}") = "OHDB", "OHDB\OHDB.csproj", "{B0F3F7B9-D37A-447E-AE24-8171C3E37213}"
EndProject
Project("{FAE04EC0-301F-11D3-BF4B-00C04F79EFBC}") = "DbModels", "DbModels\DbModels.csproj", "{64972B1C-8E39-49FA-9A91-EA384D990DF9}"
EndProject
Project("{FAE04EC0-301F-11D3-BF4B-00C04F79EFBC}") = "ShClone", "ShClone\ShClone.csproj", "{ED60BF6F-455E-4E37-8BDD-E3804E3EC9AE}"
EndProject
Project("{FAE04EC0-301F-11D3-BF4B-00C04F79EFBC}") = "TaskManager", "TaskManager\TaskManager.csproj", "{8D5B012D-9AA4-4329-A518-7531012750E6}"
EndProject
Project("{FAE04EC0-301F-11D3-BF4B-00C04F79EFBC}") = "Service", "Service\Service.csproj", "{B72171F7-DD6C-4606-A8C7-87A3B94697AD}"
EndProject
Project("{FAE04EC0-301F-11D3-BF4B-00C04F79EFBC}") = "OHDBServiceHost", "ServiceHost\OHDBServiceHost.csproj", "{191DCB15-44EF-4937-8A12-33402653F3CC}"
EndProject
Project("{2150E333-8FDC-42A3-9474-1A3956D46DE8}") = "Solution Items", "Solution Items", "{CD73D94D-5D93-4B41-8402-075336E28904}"
	ProjectSection(SolutionItems) = preProject
		Local.testsettings = Local.testsettings
		OHDB.vsmdi = OHDB.vsmdi
		TraceAndTestImpact.testsettings = TraceAndTestImpact.testsettings
	EndProjectSection
EndProject
Project("{FAE04EC0-301F-11D3-BF4B-00C04F79EFBC}") = "TestProject", "TestProject\TestProject.csproj", "{0B71FE7F-E05D-4CB6-A675-BCFC9CC4BA34}"
EndProject
Project("{FAE04EC0-301F-11D3-BF4B-00C04F79EFBC}") = "OHDBServiceProxy", "OHDBServiceProxy\OHDBServiceProxy.csproj", "{B621F84E-B95C-42CC-8629-FE49B73C5011}"
EndProject
Project("{FAE04EC0-301F-11D3-BF4B-00C04F79EFBC}") = "Intranet", "Intranet\Intranet.csproj", "{AA669E5F-852F-4F2B-85D6-519BF1BEC405}"
EndProject
Project("{FAE04EC0-301F-11D3-BF4B-00C04F79EFBC}") = "ExcelParser", "ExcelParser\ExcelParser.csproj", "{2BB1ECEC-2250-42E4-BC13-3708BD47B365}"
EndProject
Project("{FAE04EC0-301F-11D3-BF4B-00C04F79EFBC}") = "SurfaceImporter", "..\SurfaceImporter\SurfaceImporter\SurfaceImporter.csproj", "{1982540B-ED94-49F8-B370-F66FF01E8373}"
EndProject
Project("{2150E333-8FDC-42A3-9474-1A3956D46DE8}") = ".nuget", ".nuget", "{C618C8F4-6C12-4A9D-82C3-3CB94098F633}"
EndProject
Project("{FAE04EC0-301F-11D3-BF4B-00C04F79EFBC}") = "AutoImport.Rev3", "..\AutoImport.Rev3\AutoImport.Rev3\AutoImport.Rev3.csproj", "{A6550831-F322-4FBB-BEDE-831AE9492AC1}"
EndProject
Project("{FAE04EC0-301F-11D3-BF4B-00C04F79EFBC}") = "WIHInteract", "..\..\IFS Resources project2\OHDB-Vimpelcome\WIHInteract\WIHInteract.csproj", "{246412B6-B831-4DE2-99C3-535473383C5D}"
EndProject
Project("{FAE04EC0-301F-11D3-BF4B-00C04F79EFBC}") = "RedemptionInteract", "..\RedemptionInteract\RedemptionInteract\RedemptionInteract.csproj", "{A4B0D29A-B2EB-481F-A9CA-29F3D07F2848}"
EndProject
Project("{FAE04EC0-301F-11D3-BF4B-00C04F79EFBC}") = "CommonFunctions", "..\CommonFunctions\CommonFunctions\CommonFunctions.csproj", "{521A9EDB-4DCA-4610-ADD7-088A8B3E19F5}"
EndProject
Project("{FAE04EC0-301F-11D3-BF4B-00C04F79EFBC}") = "NpoiInteract", "..\NpoiInteract\NpoiInteract\NpoiInteract.csproj", "{CD807A95-25EB-4F71-A017-E537D58DE0AF}"
EndProject
Project("{FAE04EC0-301F-11D3-BF4B-00C04F79EFBC}") = "SHInteract", "..\SHInteract\SHInteract\SHInteract.csproj", "{B6678255-E5B3-4270-B604-D51ADF577D4C}"
EndProject
Global
	GlobalSection(TeamFoundationVersionControl) = preSolution
		SccNumberOfProjects = 17
		SccEnterpriseProvider = {4CA58AB2-18FA-4F8D-95D4-32DDF27D184C}
		SccTeamFoundationServer = https://mrdb.visualstudio.com/defaultcollection
		SccProjectUniqueName0 = DbModels\\DbModels.csproj
		SccProjectName0 = DbModels
		SccAuxPath0 = https://mrdb.visualstudio.com/defaultcollection
		SccLocalPath0 = DbModels
		SccProvider0 = {4CA58AB2-18FA-4F8D-95D4-32DDF27D184C}
		SccProjectUniqueName1 = ..\\SurfaceImporter\\SurfaceImporter\\SurfaceImporter.csproj
		SccProjectName1 = ../SurfaceImporter/SurfaceImporter
		SccAuxPath1 = https://mrdb.visualstudio.com/defaultcollection
		SccLocalPath1 = ..\\SurfaceImporter\\SurfaceImporter
		SccProvider1 = {4CA58AB2-18FA-4F8D-95D4-32DDF27D184C}
		SccProjectUniqueName2 = ..\\AutoImport.Rev3\\AutoImport.Rev3\\AutoImport.Rev3.csproj
		SccProjectName2 = ../AutoImport.Rev3/AutoImport.Rev3
		SccAuxPath2 = https://mrdb.visualstudio.com/defaultcollection
		SccLocalPath2 = ..\\AutoImport.Rev3\\AutoImport.Rev3
		SccProvider2 = {4CA58AB2-18FA-4F8D-95D4-32DDF27D184C}
		SccProjectUniqueName3 = ExcelParser\\ExcelParser.csproj
		SccProjectName3 = ExcelParser
		SccAuxPath3 = https://mrdb.visualstudio.com/defaultcollection
		SccLocalPath3 = ExcelParser
		SccProvider3 = {4CA58AB2-18FA-4F8D-95D4-32DDF27D184C}
		SccProjectUniqueName4 = TaskManager\\TaskManager.csproj
		SccProjectName4 = TaskManager
		SccAuxPath4 = https://mrdb.visualstudio.com/defaultcollection
		SccLocalPath4 = TaskManager
		SccProvider4 = {4CA58AB2-18FA-4F8D-95D4-32DDF27D184C}
		SccProjectUniqueName5 = ShClone\\ShClone.csproj
		SccProjectName5 = ShClone
		SccAuxPath5 = https://mrdb.visualstudio.com/defaultcollection
		SccLocalPath5 = ShClone
		SccProvider5 = {4CA58AB2-18FA-4F8D-95D4-32DDF27D184C}
		SccProjectUniqueName6 = OHDB\\OHDB.csproj
		SccProjectName6 = OHDB
		SccAuxPath6 = https://mrdb.visualstudio.com/defaultcollection
		SccLocalPath6 = OHDB
		SccProvider6 = {4CA58AB2-18FA-4F8D-95D4-32DDF27D184C}
		SccProjectUniqueName7 = Service\\Service.csproj
		SccProjectName7 = Service
		SccAuxPath7 = https://mrdb.visualstudio.com/defaultcollection
		SccLocalPath7 = Service
		SccProvider7 = {4CA58AB2-18FA-4F8D-95D4-32DDF27D184C}
		SccProjectUniqueName8 = OHDBServiceProxy\\OHDBServiceProxy.csproj
		SccProjectName8 = OHDBServiceProxy
		SccAuxPath8 = https://mrdb.visualstudio.com/defaultcollection
		SccLocalPath8 = OHDBServiceProxy
		SccProvider8 = {4CA58AB2-18FA-4F8D-95D4-32DDF27D184C}
		SccProjectUniqueName9 = ServiceHost\\OHDBServiceHost.csproj
		SccProjectName9 = ServiceHost
		SccAuxPath9 = https://mrdb.visualstudio.com/defaultcollection
		SccLocalPath9 = ServiceHost
		SccProvider9 = {4CA58AB2-18FA-4F8D-95D4-32DDF27D184C}
		SccProjectUniqueName10 = TestProject\\TestProject.csproj
		SccProjectName10 = TestProject
		SccAuxPath10 = https://mrdb.visualstudio.com/defaultcollection
		SccLocalPath10 = TestProject
		SccProvider10 = {4CA58AB2-18FA-4F8D-95D4-32DDF27D184C}
		SccProjectUniqueName11 = Intranet\\Intranet.csproj
		SccProjectName11 = Intranet
		SccAuxPath11 = https://mrdb.visualstudio.com/defaultcollection
		SccLocalPath11 = Intranet
		SccProvider11 = {4CA58AB2-18FA-4F8D-95D4-32DDF27D184C}
		SccProjectUniqueName12 = ..\\..\\IFS\u0020Resources\u0020project2\\OHDB-Vimpelcome\\WIHInteract\\WIHInteract.csproj
		SccProjectName12 = ../OHDB-Vimpelcome2/WIHInteract
		SccAuxPath12 = https://mrdb.visualstudio.com/defaultcollection
		SccLocalPath12 = ..\\..\\IFS\u0020Resources\u0020project2\\OHDB-Vimpelcome\\WIHInteract
		SccProvider12 = {4CA58AB2-18FA-4F8D-95D4-32DDF27D184C}
		SccProjectUniqueName13 = ..\\RedemptionInteract\\RedemptionInteract\\RedemptionInteract.csproj
		SccProjectName13 = ../../IFS\u0020Resources\u0020project/RedemptionInteract/RedemptionInteract
		SccAuxPath13 = https://mrdb.visualstudio.com/defaultcollection
		SccLocalPath13 = ..\\RedemptionInteract\\RedemptionInteract
		SccProvider13 = {4CA58AB2-18FA-4F8D-95D4-32DDF27D184C}
		SccProjectUniqueName14 = ..\\CommonFunctions\\CommonFunctions\\CommonFunctions.csproj
		SccProjectName14 = ../CommonFunctions/CommonFunctions
		SccAuxPath14 = https://mrdb.visualstudio.com/defaultcollection
		SccLocalPath14 = ..\\CommonFunctions\\CommonFunctions
		SccProvider14 = {4CA58AB2-18FA-4F8D-95D4-32DDF27D184C}
		SccProjectUniqueName15 = ..\\NpoiInteract\\NpoiInteract\\NpoiInteract.csproj
		SccProjectName15 = ../NpoiInteract/NpoiInteract
		SccAuxPath15 = https://mrdb.visualstudio.com/defaultcollection
		SccLocalPath15 = ..\\NpoiInteract\\NpoiInteract
		SccProvider15 = {4CA58AB2-18FA-4F8D-95D4-32DDF27D184C}
		SccProjectUniqueName16 = ..\\SHInteract\\SHInteract\\SHInteract.csproj
		SccProjectName16 = ../../IFS\u0020Resources\u0020project/SHInteract/SHInteract
		SccAuxPath16 = https://mrdb.visualstudio.com/defaultcollection
		SccLocalPath16 = ..\\SHInteract\\SHInteract
		SccProvider16 = {4CA58AB2-18FA-4F8D-95D4-32DDF27D184C}
	EndGlobalSection
	GlobalSection(SolutionConfigurationPlatforms) = preSolution
		Debug|Any CPU = Debug|Any CPU
		Debug|Mixed Platforms = Debug|Mixed Platforms
		Debug|x64 = Debug|x64
		Debug|x86 = Debug|x86
		Release|Any CPU = Release|Any CPU
		Release|Mixed Platforms = Release|Mixed Platforms
		Release|x64 = Release|x64
		Release|x86 = Release|x86
	EndGlobalSection
	GlobalSection(ProjectConfigurationPlatforms) = postSolution
		{B0F3F7B9-D37A-447E-AE24-8171C3E37213}.Debug|Any CPU.ActiveCfg = Debug|Any CPU
		{B0F3F7B9-D37A-447E-AE24-8171C3E37213}.Debug|Any CPU.Build.0 = Debug|Any CPU
		{B0F3F7B9-D37A-447E-AE24-8171C3E37213}.Debug|Mixed Platforms.ActiveCfg = Release|Any CPU
		{B0F3F7B9-D37A-447E-AE24-8171C3E37213}.Debug|Mixed Platforms.Build.0 = Release|Any CPU
		{B0F3F7B9-D37A-447E-AE24-8171C3E37213}.Debug|x64.ActiveCfg = Debug|Any CPU
		{B0F3F7B9-D37A-447E-AE24-8171C3E37213}.Debug|x64.Build.0 = Debug|Any CPU
		{B0F3F7B9-D37A-447E-AE24-8171C3E37213}.Debug|x86.ActiveCfg = Debug|x86
		{B0F3F7B9-D37A-447E-AE24-8171C3E37213}.Debug|x86.Build.0 = Debug|x86
		{B0F3F7B9-D37A-447E-AE24-8171C3E37213}.Release|Any CPU.ActiveCfg = Release|Any CPU
		{B0F3F7B9-D37A-447E-AE24-8171C3E37213}.Release|Any CPU.Build.0 = Release|Any CPU
		{B0F3F7B9-D37A-447E-AE24-8171C3E37213}.Release|Mixed Platforms.ActiveCfg = Release|x86
		{B0F3F7B9-D37A-447E-AE24-8171C3E37213}.Release|Mixed Platforms.Build.0 = Release|x86
		{B0F3F7B9-D37A-447E-AE24-8171C3E37213}.Release|x64.ActiveCfg = Release|x86
		{B0F3F7B9-D37A-447E-AE24-8171C3E37213}.Release|x86.ActiveCfg = Release|x86
		{B0F3F7B9-D37A-447E-AE24-8171C3E37213}.Release|x86.Build.0 = Release|x86
		{64972B1C-8E39-49FA-9A91-EA384D990DF9}.Debug|Any CPU.ActiveCfg = Debug|Any CPU
		{64972B1C-8E39-49FA-9A91-EA384D990DF9}.Debug|Any CPU.Build.0 = Debug|Any CPU
		{64972B1C-8E39-49FA-9A91-EA384D990DF9}.Debug|Mixed Platforms.ActiveCfg = Debug|Any CPU
		{64972B1C-8E39-49FA-9A91-EA384D990DF9}.Debug|Mixed Platforms.Build.0 = Debug|Any CPU
		{64972B1C-8E39-49FA-9A91-EA384D990DF9}.Debug|x64.ActiveCfg = Debug|Any CPU
		{64972B1C-8E39-49FA-9A91-EA384D990DF9}.Debug|x64.Build.0 = Debug|Any CPU
		{64972B1C-8E39-49FA-9A91-EA384D990DF9}.Debug|x86.ActiveCfg = Debug|Any CPU
		{64972B1C-8E39-49FA-9A91-EA384D990DF9}.Debug|x86.Build.0 = Debug|Any CPU
		{64972B1C-8E39-49FA-9A91-EA384D990DF9}.Release|Any CPU.ActiveCfg = Release|Any CPU
		{64972B1C-8E39-49FA-9A91-EA384D990DF9}.Release|Any CPU.Build.0 = Release|Any CPU
		{64972B1C-8E39-49FA-9A91-EA384D990DF9}.Release|Mixed Platforms.ActiveCfg = Release|Any CPU
		{64972B1C-8E39-49FA-9A91-EA384D990DF9}.Release|Mixed Platforms.Build.0 = Release|Any CPU
		{64972B1C-8E39-49FA-9A91-EA384D990DF9}.Release|x64.ActiveCfg = Release|Any CPU
		{64972B1C-8E39-49FA-9A91-EA384D990DF9}.Release|x86.ActiveCfg = Release|Any CPU
		{ED60BF6F-455E-4E37-8BDD-E3804E3EC9AE}.Debug|Any CPU.ActiveCfg = Debug|Any CPU
		{ED60BF6F-455E-4E37-8BDD-E3804E3EC9AE}.Debug|Any CPU.Build.0 = Debug|Any CPU
		{ED60BF6F-455E-4E37-8BDD-E3804E3EC9AE}.Debug|Mixed Platforms.ActiveCfg = Debug|Any CPU
		{ED60BF6F-455E-4E37-8BDD-E3804E3EC9AE}.Debug|Mixed Platforms.Build.0 = Debug|Any CPU
		{ED60BF6F-455E-4E37-8BDD-E3804E3EC9AE}.Debug|x64.ActiveCfg = Debug|x64
		{ED60BF6F-455E-4E37-8BDD-E3804E3EC9AE}.Debug|x64.Build.0 = Debug|x64
		{ED60BF6F-455E-4E37-8BDD-E3804E3EC9AE}.Debug|x86.ActiveCfg = Debug|Any CPU
		{ED60BF6F-455E-4E37-8BDD-E3804E3EC9AE}.Debug|x86.Build.0 = Debug|Any CPU
		{ED60BF6F-455E-4E37-8BDD-E3804E3EC9AE}.Release|Any CPU.ActiveCfg = Release|Any CPU
		{ED60BF6F-455E-4E37-8BDD-E3804E3EC9AE}.Release|Any CPU.Build.0 = Release|Any CPU
		{ED60BF6F-455E-4E37-8BDD-E3804E3EC9AE}.Release|Mixed Platforms.ActiveCfg = Release|Any CPU
		{ED60BF6F-455E-4E37-8BDD-E3804E3EC9AE}.Release|Mixed Platforms.Build.0 = Release|Any CPU
		{ED60BF6F-455E-4E37-8BDD-E3804E3EC9AE}.Release|x64.ActiveCfg = Release|Any CPU
		{ED60BF6F-455E-4E37-8BDD-E3804E3EC9AE}.Release|x86.ActiveCfg = Release|Any CPU
		{8D5B012D-9AA4-4329-A518-7531012750E6}.Debug|Any CPU.ActiveCfg = Debug|Any CPU
		{8D5B012D-9AA4-4329-A518-7531012750E6}.Debug|Any CPU.Build.0 = Debug|Any CPU
		{8D5B012D-9AA4-4329-A518-7531012750E6}.Debug|Mixed Platforms.ActiveCfg = Debug|Any CPU
		{8D5B012D-9AA4-4329-A518-7531012750E6}.Debug|Mixed Platforms.Build.0 = Debug|Any CPU
		{8D5B012D-9AA4-4329-A518-7531012750E6}.Debug|x64.ActiveCfg = Debug|Any CPU
		{8D5B012D-9AA4-4329-A518-7531012750E6}.Debug|x64.Build.0 = Debug|Any CPU
		{8D5B012D-9AA4-4329-A518-7531012750E6}.Debug|x86.ActiveCfg = Debug|Any CPU
		{8D5B012D-9AA4-4329-A518-7531012750E6}.Debug|x86.Build.0 = Debug|Any CPU
		{8D5B012D-9AA4-4329-A518-7531012750E6}.Debug|x86.Deploy.0 = Debug|Any CPU
		{8D5B012D-9AA4-4329-A518-7531012750E6}.Release|Any CPU.ActiveCfg = Release|Any CPU
		{8D5B012D-9AA4-4329-A518-7531012750E6}.Release|Any CPU.Build.0 = Release|Any CPU
		{8D5B012D-9AA4-4329-A518-7531012750E6}.Release|Mixed Platforms.ActiveCfg = Release|Any CPU
		{8D5B012D-9AA4-4329-A518-7531012750E6}.Release|Mixed Platforms.Build.0 = Release|Any CPU
		{8D5B012D-9AA4-4329-A518-7531012750E6}.Release|x64.ActiveCfg = Release|Any CPU
		{8D5B012D-9AA4-4329-A518-7531012750E6}.Release|x86.ActiveCfg = Release|Any CPU
		{B72171F7-DD6C-4606-A8C7-87A3B94697AD}.Debug|Any CPU.ActiveCfg = Debug|Any CPU
		{B72171F7-DD6C-4606-A8C7-87A3B94697AD}.Debug|Any CPU.Build.0 = Debug|Any CPU
		{B72171F7-DD6C-4606-A8C7-87A3B94697AD}.Debug|Mixed Platforms.ActiveCfg = Debug|Any CPU
		{B72171F7-DD6C-4606-A8C7-87A3B94697AD}.Debug|Mixed Platforms.Build.0 = Debug|Any CPU
		{B72171F7-DD6C-4606-A8C7-87A3B94697AD}.Debug|x64.ActiveCfg = Debug|Any CPU
		{B72171F7-DD6C-4606-A8C7-87A3B94697AD}.Debug|x64.Build.0 = Debug|Any CPU
		{B72171F7-DD6C-4606-A8C7-87A3B94697AD}.Debug|x86.ActiveCfg = Debug|Any CPU
		{B72171F7-DD6C-4606-A8C7-87A3B94697AD}.Debug|x86.Build.0 = Debug|Any CPU
		{B72171F7-DD6C-4606-A8C7-87A3B94697AD}.Release|Any CPU.ActiveCfg = Release|Any CPU
		{B72171F7-DD6C-4606-A8C7-87A3B94697AD}.Release|Any CPU.Build.0 = Release|Any CPU
		{B72171F7-DD6C-4606-A8C7-87A3B94697AD}.Release|Mixed Platforms.ActiveCfg = Release|x86
		{B72171F7-DD6C-4606-A8C7-87A3B94697AD}.Release|Mixed Platforms.Build.0 = Release|x86
		{B72171F7-DD6C-4606-A8C7-87A3B94697AD}.Release|x64.ActiveCfg = Release|Any CPU
		{B72171F7-DD6C-4606-A8C7-87A3B94697AD}.Release|x86.ActiveCfg = Release|Any CPU
		{191DCB15-44EF-4937-8A12-33402653F3CC}.Debug|Any CPU.ActiveCfg = Debug|x86
		{191DCB15-44EF-4937-8A12-33402653F3CC}.Debug|Any CPU.Build.0 = Debug|x86
		{191DCB15-44EF-4937-8A12-33402653F3CC}.Debug|Mixed Platforms.ActiveCfg = Debug|x86
		{191DCB15-44EF-4937-8A12-33402653F3CC}.Debug|Mixed Platforms.Build.0 = Debug|x86
		{191DCB15-44EF-4937-8A12-33402653F3CC}.Debug|x64.ActiveCfg = Debug|x64
		{191DCB15-44EF-4937-8A12-33402653F3CC}.Debug|x64.Build.0 = Debug|x64
		{191DCB15-44EF-4937-8A12-33402653F3CC}.Debug|x86.ActiveCfg = Debug|x86
		{191DCB15-44EF-4937-8A12-33402653F3CC}.Debug|x86.Build.0 = Debug|x86
		{191DCB15-44EF-4937-8A12-33402653F3CC}.Release|Any CPU.ActiveCfg = Release|x86
		{191DCB15-44EF-4937-8A12-33402653F3CC}.Release|Any CPU.Build.0 = Release|x86
		{191DCB15-44EF-4937-8A12-33402653F3CC}.Release|Mixed Platforms.ActiveCfg = Release|x86
		{191DCB15-44EF-4937-8A12-33402653F3CC}.Release|Mixed Platforms.Build.0 = Release|x86
		{191DCB15-44EF-4937-8A12-33402653F3CC}.Release|x64.ActiveCfg = Release|x86
		{191DCB15-44EF-4937-8A12-33402653F3CC}.Release|x86.ActiveCfg = Release|x86
		{191DCB15-44EF-4937-8A12-33402653F3CC}.Release|x86.Build.0 = Release|x86
		{0B71FE7F-E05D-4CB6-A675-BCFC9CC4BA34}.Debug|Any CPU.ActiveCfg = Debug|Any CPU
		{0B71FE7F-E05D-4CB6-A675-BCFC9CC4BA34}.Debug|Any CPU.Build.0 = Debug|Any CPU
		{0B71FE7F-E05D-4CB6-A675-BCFC9CC4BA34}.Debug|Mixed Platforms.ActiveCfg = Debug|Any CPU
		{0B71FE7F-E05D-4CB6-A675-BCFC9CC4BA34}.Debug|Mixed Platforms.Build.0 = Debug|Any CPU
		{0B71FE7F-E05D-4CB6-A675-BCFC9CC4BA34}.Debug|x64.ActiveCfg = Debug|Any CPU
		{0B71FE7F-E05D-4CB6-A675-BCFC9CC4BA34}.Debug|x64.Build.0 = Debug|Any CPU
		{0B71FE7F-E05D-4CB6-A675-BCFC9CC4BA34}.Debug|x86.ActiveCfg = Debug|Any CPU
		{0B71FE7F-E05D-4CB6-A675-BCFC9CC4BA34}.Debug|x86.Build.0 = Debug|Any CPU
		{0B71FE7F-E05D-4CB6-A675-BCFC9CC4BA34}.Release|Any CPU.ActiveCfg = Release|Any CPU
		{0B71FE7F-E05D-4CB6-A675-BCFC9CC4BA34}.Release|Any CPU.Build.0 = Release|Any CPU
		{0B71FE7F-E05D-4CB6-A675-BCFC9CC4BA34}.Release|Mixed Platforms.ActiveCfg = Release|Any CPU
		{0B71FE7F-E05D-4CB6-A675-BCFC9CC4BA34}.Release|Mixed Platforms.Build.0 = Release|Any CPU
		{0B71FE7F-E05D-4CB6-A675-BCFC9CC4BA34}.Release|x64.ActiveCfg = Release|Any CPU
		{0B71FE7F-E05D-4CB6-A675-BCFC9CC4BA34}.Release|x86.ActiveCfg = Release|Any CPU
		{B621F84E-B95C-42CC-8629-FE49B73C5011}.Debug|Any CPU.ActiveCfg = Debug|Any CPU
		{B621F84E-B95C-42CC-8629-FE49B73C5011}.Debug|Any CPU.Build.0 = Debug|Any CPU
		{B621F84E-B95C-42CC-8629-FE49B73C5011}.Debug|Mixed Platforms.ActiveCfg = Debug|Any CPU
		{B621F84E-B95C-42CC-8629-FE49B73C5011}.Debug|Mixed Platforms.Build.0 = Debug|Any CPU
		{B621F84E-B95C-42CC-8629-FE49B73C5011}.Debug|x64.ActiveCfg = Debug|Any CPU
		{B621F84E-B95C-42CC-8629-FE49B73C5011}.Debug|x64.Build.0 = Debug|Any CPU
		{B621F84E-B95C-42CC-8629-FE49B73C5011}.Debug|x86.ActiveCfg = Debug|Any CPU
		{B621F84E-B95C-42CC-8629-FE49B73C5011}.Debug|x86.Build.0 = Debug|Any CPU
		{B621F84E-B95C-42CC-8629-FE49B73C5011}.Release|Any CPU.ActiveCfg = Release|Any CPU
		{B621F84E-B95C-42CC-8629-FE49B73C5011}.Release|Any CPU.Build.0 = Release|Any CPU
		{B621F84E-B95C-42CC-8629-FE49B73C5011}.Release|Mixed Platforms.ActiveCfg = Release|Any CPU
		{B621F84E-B95C-42CC-8629-FE49B73C5011}.Release|Mixed Platforms.Build.0 = Release|Any CPU
		{B621F84E-B95C-42CC-8629-FE49B73C5011}.Release|x64.ActiveCfg = Release|Any CPU
		{B621F84E-B95C-42CC-8629-FE49B73C5011}.Release|x86.ActiveCfg = Release|Any CPU
		{AA669E5F-852F-4F2B-85D6-519BF1BEC405}.Debug|Any CPU.ActiveCfg = Debug|Any CPU
		{AA669E5F-852F-4F2B-85D6-519BF1BEC405}.Debug|Any CPU.Build.0 = Debug|Any CPU
		{AA669E5F-852F-4F2B-85D6-519BF1BEC405}.Debug|Mixed Platforms.ActiveCfg = Debug|Any CPU
		{AA669E5F-852F-4F2B-85D6-519BF1BEC405}.Debug|Mixed Platforms.Build.0 = Debug|Any CPU
		{AA669E5F-852F-4F2B-85D6-519BF1BEC405}.Debug|x64.ActiveCfg = Debug|Any CPU
		{AA669E5F-852F-4F2B-85D6-519BF1BEC405}.Debug|x64.Build.0 = Debug|Any CPU
		{AA669E5F-852F-4F2B-85D6-519BF1BEC405}.Debug|x86.ActiveCfg = Debug|Any CPU
		{AA669E5F-852F-4F2B-85D6-519BF1BEC405}.Debug|x86.Build.0 = Debug|Any CPU
		{AA669E5F-852F-4F2B-85D6-519BF1BEC405}.Release|Any CPU.ActiveCfg = Release|Any CPU
		{AA669E5F-852F-4F2B-85D6-519BF1BEC405}.Release|Any CPU.Build.0 = Release|Any CPU
		{AA669E5F-852F-4F2B-85D6-519BF1BEC405}.Release|Mixed Platforms.ActiveCfg = Release|Any CPU
		{AA669E5F-852F-4F2B-85D6-519BF1BEC405}.Release|Mixed Platforms.Build.0 = Release|Any CPU
		{AA669E5F-852F-4F2B-85D6-519BF1BEC405}.Release|x64.ActiveCfg = Release|Any CPU
		{AA669E5F-852F-4F2B-85D6-519BF1BEC405}.Release|x86.ActiveCfg = Release|Any CPU
		{2BB1ECEC-2250-42E4-BC13-3708BD47B365}.Debug|Any CPU.ActiveCfg = Debug|Any CPU
		{2BB1ECEC-2250-42E4-BC13-3708BD47B365}.Debug|Any CPU.Build.0 = Debug|Any CPU
		{2BB1ECEC-2250-42E4-BC13-3708BD47B365}.Debug|Mixed Platforms.ActiveCfg = Debug|Any CPU
		{2BB1ECEC-2250-42E4-BC13-3708BD47B365}.Debug|Mixed Platforms.Build.0 = Debug|Any CPU
		{2BB1ECEC-2250-42E4-BC13-3708BD47B365}.Debug|x64.ActiveCfg = Debug|Any CPU
		{2BB1ECEC-2250-42E4-BC13-3708BD47B365}.Debug|x64.Build.0 = Debug|Any CPU
		{2BB1ECEC-2250-42E4-BC13-3708BD47B365}.Debug|x86.ActiveCfg = Debug|Any CPU
		{2BB1ECEC-2250-42E4-BC13-3708BD47B365}.Debug|x86.Build.0 = Debug|Any CPU
		{2BB1ECEC-2250-42E4-BC13-3708BD47B365}.Release|Any CPU.ActiveCfg = Release|Any CPU
		{2BB1ECEC-2250-42E4-BC13-3708BD47B365}.Release|Any CPU.Build.0 = Release|Any CPU
		{2BB1ECEC-2250-42E4-BC13-3708BD47B365}.Release|Mixed Platforms.ActiveCfg = Release|Any CPU
		{2BB1ECEC-2250-42E4-BC13-3708BD47B365}.Release|Mixed Platforms.Build.0 = Release|Any CPU
		{2BB1ECEC-2250-42E4-BC13-3708BD47B365}.Release|x64.ActiveCfg = Release|Any CPU
		{2BB1ECEC-2250-42E4-BC13-3708BD47B365}.Release|x86.ActiveCfg = Release|Any CPU
		{1982540B-ED94-49F8-B370-F66FF01E8373}.Debug|Any CPU.ActiveCfg = Debug|Any CPU
		{1982540B-ED94-49F8-B370-F66FF01E8373}.Debug|Any CPU.Build.0 = Debug|Any CPU
		{1982540B-ED94-49F8-B370-F66FF01E8373}.Debug|Mixed Platforms.ActiveCfg = Debug|Any CPU
		{1982540B-ED94-49F8-B370-F66FF01E8373}.Debug|Mixed Platforms.Build.0 = Debug|Any CPU
		{1982540B-ED94-49F8-B370-F66FF01E8373}.Debug|x64.ActiveCfg = Debug|Any CPU
		{1982540B-ED94-49F8-B370-F66FF01E8373}.Debug|x64.Build.0 = Debug|Any CPU
		{1982540B-ED94-49F8-B370-F66FF01E8373}.Debug|x86.ActiveCfg = Debug|Any CPU
		{1982540B-ED94-49F8-B370-F66FF01E8373}.Debug|x86.Build.0 = Debug|Any CPU
		{1982540B-ED94-49F8-B370-F66FF01E8373}.Release|Any CPU.ActiveCfg = Release|Any CPU
		{1982540B-ED94-49F8-B370-F66FF01E8373}.Release|Any CPU.Build.0 = Release|Any CPU
		{1982540B-ED94-49F8-B370-F66FF01E8373}.Release|Mixed Platforms.ActiveCfg = Release|Any CPU
		{1982540B-ED94-49F8-B370-F66FF01E8373}.Release|Mixed Platforms.Build.0 = Release|Any CPU
		{1982540B-ED94-49F8-B370-F66FF01E8373}.Release|x64.ActiveCfg = Release|x86
		{1982540B-ED94-49F8-B370-F66FF01E8373}.Release|x86.ActiveCfg = Release|x86
		{1982540B-ED94-49F8-B370-F66FF01E8373}.Release|x86.Build.0 = Release|x86
		{A6550831-F322-4FBB-BEDE-831AE9492AC1}.Debug|Any CPU.ActiveCfg = Debug|Any CPU
		{A6550831-F322-4FBB-BEDE-831AE9492AC1}.Debug|Any CPU.Build.0 = Debug|Any CPU
		{A6550831-F322-4FBB-BEDE-831AE9492AC1}.Debug|Mixed Platforms.ActiveCfg = Debug|Any CPU
		{A6550831-F322-4FBB-BEDE-831AE9492AC1}.Debug|Mixed Platforms.Build.0 = Debug|Any CPU
		{A6550831-F322-4FBB-BEDE-831AE9492AC1}.Debug|x64.ActiveCfg = Debug|Any CPU
		{A6550831-F322-4FBB-BEDE-831AE9492AC1}.Debug|x64.Build.0 = Debug|Any CPU
		{A6550831-F322-4FBB-BEDE-831AE9492AC1}.Debug|x86.ActiveCfg = Debug|x86
		{A6550831-F322-4FBB-BEDE-831AE9492AC1}.Debug|x86.Build.0 = Debug|x86
		{A6550831-F322-4FBB-BEDE-831AE9492AC1}.Release|Any CPU.ActiveCfg = Release|Any CPU
		{A6550831-F322-4FBB-BEDE-831AE9492AC1}.Release|Any CPU.Build.0 = Release|Any CPU
		{A6550831-F322-4FBB-BEDE-831AE9492AC1}.Release|Mixed Platforms.ActiveCfg = Release|x86
		{A6550831-F322-4FBB-BEDE-831AE9492AC1}.Release|Mixed Platforms.Build.0 = Release|x86
		{A6550831-F322-4FBB-BEDE-831AE9492AC1}.Release|x64.ActiveCfg = Release|Any CPU
		{A6550831-F322-4FBB-BEDE-831AE9492AC1}.Release|x86.ActiveCfg = Release|x86
		{A6550831-F322-4FBB-BEDE-831AE9492AC1}.Release|x86.Build.0 = Release|x86
		{246412B6-B831-4DE2-99C3-535473383C5D}.Debug|Any CPU.ActiveCfg = Debug|Any CPU
		{246412B6-B831-4DE2-99C3-535473383C5D}.Debug|Any CPU.Build.0 = Debug|Any CPU
		{246412B6-B831-4DE2-99C3-535473383C5D}.Debug|Mixed Platforms.ActiveCfg = Debug|Any CPU
		{246412B6-B831-4DE2-99C3-535473383C5D}.Debug|Mixed Platforms.Build.0 = Debug|Any CPU
		{246412B6-B831-4DE2-99C3-535473383C5D}.Debug|x64.ActiveCfg = Debug|Any CPU
		{246412B6-B831-4DE2-99C3-535473383C5D}.Debug|x64.Build.0 = Debug|Any CPU
		{246412B6-B831-4DE2-99C3-535473383C5D}.Debug|x86.ActiveCfg = Debug|Any CPU
		{246412B6-B831-4DE2-99C3-535473383C5D}.Debug|x86.Build.0 = Debug|Any CPU
		{246412B6-B831-4DE2-99C3-535473383C5D}.Release|Any CPU.ActiveCfg = Release|Any CPU
		{246412B6-B831-4DE2-99C3-535473383C5D}.Release|Any CPU.Build.0 = Release|Any CPU
		{246412B6-B831-4DE2-99C3-535473383C5D}.Release|Mixed Platforms.ActiveCfg = Release|x86
		{246412B6-B831-4DE2-99C3-535473383C5D}.Release|Mixed Platforms.Build.0 = Release|x86
		{246412B6-B831-4DE2-99C3-535473383C5D}.Release|x64.ActiveCfg = Release|Any CPU
		{246412B6-B831-4DE2-99C3-535473383C5D}.Release|x86.ActiveCfg = Release|x86
		{246412B6-B831-4DE2-99C3-535473383C5D}.Release|x86.Build.0 = Release|x86
		{A4B0D29A-B2EB-481F-A9CA-29F3D07F2848}.Debug|Any CPU.ActiveCfg = Debug|Any CPU
		{A4B0D29A-B2EB-481F-A9CA-29F3D07F2848}.Debug|Any CPU.Build.0 = Debug|Any CPU
		{A4B0D29A-B2EB-481F-A9CA-29F3D07F2848}.Debug|Mixed Platforms.ActiveCfg = Debug|x86
		{A4B0D29A-B2EB-481F-A9CA-29F3D07F2848}.Debug|Mixed Platforms.Build.0 = Debug|x86
		{A4B0D29A-B2EB-481F-A9CA-29F3D07F2848}.Debug|x64.ActiveCfg = Debug|x64
		{A4B0D29A-B2EB-481F-A9CA-29F3D07F2848}.Debug|x64.Build.0 = Debug|x64
		{A4B0D29A-B2EB-481F-A9CA-29F3D07F2848}.Debug|x86.ActiveCfg = Debug|x86
		{A4B0D29A-B2EB-481F-A9CA-29F3D07F2848}.Debug|x86.Build.0 = Debug|x86
		{A4B0D29A-B2EB-481F-A9CA-29F3D07F2848}.Release|Any CPU.ActiveCfg = Release|Any CPU
		{A4B0D29A-B2EB-481F-A9CA-29F3D07F2848}.Release|Any CPU.Build.0 = Release|Any CPU
		{A4B0D29A-B2EB-481F-A9CA-29F3D07F2848}.Release|Mixed Platforms.ActiveCfg = Release|x86
		{A4B0D29A-B2EB-481F-A9CA-29F3D07F2848}.Release|Mixed Platforms.Build.0 = Release|x86
		{A4B0D29A-B2EB-481F-A9CA-29F3D07F2848}.Release|x64.ActiveCfg = Release|x64
		{A4B0D29A-B2EB-481F-A9CA-29F3D07F2848}.Release|x64.Build.0 = Release|x64
		{A4B0D29A-B2EB-481F-A9CA-29F3D07F2848}.Release|x86.ActiveCfg = Release|x86
		{A4B0D29A-B2EB-481F-A9CA-29F3D07F2848}.Release|x86.Build.0 = Release|x86
		{521A9EDB-4DCA-4610-ADD7-088A8B3E19F5}.Debug|Any CPU.ActiveCfg = Debug|Any CPU
		{521A9EDB-4DCA-4610-ADD7-088A8B3E19F5}.Debug|Any CPU.Build.0 = Debug|Any CPU
		{521A9EDB-4DCA-4610-ADD7-088A8B3E19F5}.Debug|Mixed Platforms.ActiveCfg = Debug|x86
		{521A9EDB-4DCA-4610-ADD7-088A8B3E19F5}.Debug|Mixed Platforms.Build.0 = Debug|x86
		{521A9EDB-4DCA-4610-ADD7-088A8B3E19F5}.Debug|x64.ActiveCfg = Debug|Any CPU
		{521A9EDB-4DCA-4610-ADD7-088A8B3E19F5}.Debug|x86.ActiveCfg = Debug|x86
		{521A9EDB-4DCA-4610-ADD7-088A8B3E19F5}.Debug|x86.Build.0 = Debug|x86
		{521A9EDB-4DCA-4610-ADD7-088A8B3E19F5}.Release|Any CPU.ActiveCfg = Release|Any CPU
		{521A9EDB-4DCA-4610-ADD7-088A8B3E19F5}.Release|Any CPU.Build.0 = Release|Any CPU
		{521A9EDB-4DCA-4610-ADD7-088A8B3E19F5}.Release|Mixed Platforms.ActiveCfg = Release|x86
		{521A9EDB-4DCA-4610-ADD7-088A8B3E19F5}.Release|Mixed Platforms.Build.0 = Release|x86
		{521A9EDB-4DCA-4610-ADD7-088A8B3E19F5}.Release|x64.ActiveCfg = Release|Any CPU
		{521A9EDB-4DCA-4610-ADD7-088A8B3E19F5}.Release|x86.ActiveCfg = Release|x86
		{521A9EDB-4DCA-4610-ADD7-088A8B3E19F5}.Release|x86.Build.0 = Release|x86
		{CD807A95-25EB-4F71-A017-E537D58DE0AF}.Debug|Any CPU.ActiveCfg = Debug|Any CPU
		{CD807A95-25EB-4F71-A017-E537D58DE0AF}.Debug|Any CPU.Build.0 = Debug|Any CPU
		{CD807A95-25EB-4F71-A017-E537D58DE0AF}.Debug|Mixed Platforms.ActiveCfg = Debug|x86
		{CD807A95-25EB-4F71-A017-E537D58DE0AF}.Debug|Mixed Platforms.Build.0 = Debug|x86
		{CD807A95-25EB-4F71-A017-E537D58DE0AF}.Debug|x64.ActiveCfg = Debug|Any CPU
		{CD807A95-25EB-4F71-A017-E537D58DE0AF}.Debug|x86.ActiveCfg = Debug|x86
		{CD807A95-25EB-4F71-A017-E537D58DE0AF}.Debug|x86.Build.0 = Debug|x86
		{CD807A95-25EB-4F71-A017-E537D58DE0AF}.Release|Any CPU.ActiveCfg = Release|Any CPU
		{CD807A95-25EB-4F71-A017-E537D58DE0AF}.Release|Any CPU.Build.0 = Release|Any CPU
		{CD807A95-25EB-4F71-A017-E537D58DE0AF}.Release|Mixed Platforms.ActiveCfg = Release|x86
		{CD807A95-25EB-4F71-A017-E537D58DE0AF}.Release|Mixed Platforms.Build.0 = Release|x86
		{CD807A95-25EB-4F71-A017-E537D58DE0AF}.Release|x64.ActiveCfg = Release|Any CPU
		{CD807A95-25EB-4F71-A017-E537D58DE0AF}.Release|x86.ActiveCfg = Release|x86
		{CD807A95-25EB-4F71-A017-E537D58DE0AF}.Release|x86.Build.0 = Release|x86
		{B6678255-E5B3-4270-B604-D51ADF577D4C}.Debug|Any CPU.ActiveCfg = Debug|Any CPU
		{B6678255-E5B3-4270-B604-D51ADF577D4C}.Debug|Any CPU.Build.0 = Debug|Any CPU
		{B6678255-E5B3-4270-B604-D51ADF577D4C}.Debug|Mixed Platforms.ActiveCfg = Debug|x86
		{B6678255-E5B3-4270-B604-D51ADF577D4C}.Debug|Mixed Platforms.Build.0 = Debug|x86
		{B6678255-E5B3-4270-B604-D51ADF577D4C}.Debug|x64.ActiveCfg = Debug|Any CPU
		{B6678255-E5B3-4270-B604-D51ADF577D4C}.Debug|x86.ActiveCfg = Debug|x86
		{B6678255-E5B3-4270-B604-D51ADF577D4C}.Debug|x86.Build.0 = Debug|x86
		{B6678255-E5B3-4270-B604-D51ADF577D4C}.Release|Any CPU.ActiveCfg = Release|Any CPU
		{B6678255-E5B3-4270-B604-D51ADF577D4C}.Release|Any CPU.Build.0 = Release|Any CPU
		{B6678255-E5B3-4270-B604-D51ADF577D4C}.Release|Mixed Platforms.ActiveCfg = Release|x86
		{B6678255-E5B3-4270-B604-D51ADF577D4C}.Release|Mixed Platforms.Build.0 = Release|x86
		{B6678255-E5B3-4270-B604-D51ADF577D4C}.Release|x64.ActiveCfg = Release|Any CPU
		{B6678255-E5B3-4270-B604-D51ADF577D4C}.Release|x86.ActiveCfg = Release|x86
		{B6678255-E5B3-4270-B604-D51ADF577D4C}.Release|x86.Build.0 = Release|x86
	EndGlobalSection
	GlobalSection(SolutionProperties) = preSolution
		HideSolutionNode = FALSE
	EndGlobalSection
	GlobalSection(TestCaseManagementSettings) = postSolution
		CategoryFile = OHDB.vsmdi
	EndGlobalSection
EndGlobal
